
Microsoft Visual Studio Solution File, Format Version 12.00
# Visual Studio Version 17
VisualStudioVersion = 17.13.35913.81 d17.13
MinimumVisualStudioVersion = 10.0.40219.1
Project("{FAE04EC0-301F-11D3-BF4B-00C04F79EFBC}") = "Lab8", "Lab8\Lab8.csproj", "{9C8E5E0F-7F18-4344-AD4C-AA03E3FE1ECA}"
EndProject
Global
	GlobalSection(SolutionConfigurationPlatforms) = preSolution
		Debug|Any CPU = Debug|Any CPU
		Release|Any CPU = Release|Any CPU
	EndGlobalSection
	GlobalSection(ProjectConfigurationPlatforms) = postSolution
		{9C8E5E0F-7F18-4344-AD4C-AA03E3FE1ECA}.Debug|Any CPU.ActiveCfg = Debug|Any CPU
		{9C8E5E0F-7F18-4344-AD4C-AA03E3FE1ECA}.Debug|Any CPU.Build.0 = Debug|Any CPU
		{9C8E5E0F-7F18-4344-AD4C-AA03E3FE1ECA}.Release|Any CPU.ActiveCfg = Release|Any CPU
		{9C8E5E0F-7F18-4344-AD4C-AA03E3FE1ECA}.Release|Any CPU.Build.0 = Release|Any CPU
	EndGlobalSection
	GlobalSection(SolutionProperties) = preSolution
		HideSolutionNode = FALSE
	EndGlobalSection
	GlobalSection(ExtensibilityGlobals) = postSolution
		SolutionGuid = {87239221-FA5B-4BF0-9C0D-70B98458C392}
	EndGlobalSection
EndGlobal
